
Microsoft Visual Studio Solution File, Format Version 12.00
# Visual Studio Version 17
VisualStudioVersion = 17.14.36623.8
MinimumVisualStudioVersion = 10.0.40219.1
Project("{FAE04EC0-301F-11D3-BF4B-00C04F79EFBC}") = "SellinBE", "SellinBE.csproj", "{BC676DE2-19E2-4FB1-B779-5A44B35D29F5}"
EndProject
Project("{FAE04EC0-301F-11D3-BF4B-00C04F79EFBC}") = "SecurityLib", "..\SecurityLib\SecurityLib.csproj", "{E4295545-CDD4-4170-ADF4-E061624B0428}"
EndProject
Project("{FAE04EC0-301F-11D3-BF4B-00C04F79EFBC}") = "ChatLib", "..\ChatLib\ChatLib.csproj", "{73CD1D7F-7A2B-4EF9-8E9C-2602DE6C43DD}"
EndProject
Global
	GlobalSection(SolutionConfigurationPlatforms) = preSolution
		Debug|Any CPU = Debug|Any CPU
		Release|Any CPU = Release|Any CPU
	EndGlobalSection
	GlobalSection(ProjectConfigurationPlatforms) = postSolution
		{BC676DE2-19E2-4FB1-B779-5A44B35D29F5}.Debug|Any CPU.ActiveCfg = Debug|Any CPU
		{BC676DE2-19E2-4FB1-B779-5A44B35D29F5}.Debug|Any CPU.Build.0 = Debug|Any CPU
		{BC676DE2-19E2-4FB1-B779-5A44B35D29F5}.Release|Any CPU.ActiveCfg = Release|Any CPU
		{BC676DE2-19E2-4FB1-B779-5A44B35D29F5}.Release|Any CPU.Build.0 = Release|Any CPU
		{E4295545-CDD4-4170-ADF4-E061624B0428}.Debug|Any CPU.ActiveCfg = Debug|Any CPU
		{E4295545-CDD4-4170-ADF4-E061624B0428}.Debug|Any CPU.Build.0 = Debug|Any CPU
		{E4295545-CDD4-4170-ADF4-E061624B0428}.Release|Any CPU.ActiveCfg = Release|Any CPU
		{E4295545-CDD4-4170-ADF4-E061624B0428}.Release|Any CPU.Build.0 = Release|Any CPU
		{73CD1D7F-7A2B-4EF9-8E9C-2602DE6C43DD}.Debug|Any CPU.ActiveCfg = Debug|Any CPU
		{73CD1D7F-7A2B-4EF9-8E9C-2602DE6C43DD}.Debug|Any CPU.Build.0 = Debug|Any CPU
		{73CD1D7F-7A2B-4EF9-8E9C-2602DE6C43DD}.Release|Any CPU.ActiveCfg = Release|Any CPU
		{73CD1D7F-7A2B-4EF9-8E9C-2602DE6C43DD}.Release|Any CPU.Build.0 = Release|Any CPU
	EndGlobalSection
	GlobalSection(SolutionProperties) = preSolution
		HideSolutionNode = FALSE
	EndGlobalSection
	GlobalSection(ExtensibilityGlobals) = postSolution
		SolutionGuid = {A2E7B30C-8BFF-4674-999C-60BE42A5ECC6}
	EndGlobalSection
EndGlobal
